// !$*UTF8*$!
{
	archiveVersion = 1;
	classes = {
	};
	objectVersion = 50;
	objects = {

/* Begin PBXBuildFile section */
		914C4C092342252C00F3EC45 /* MainPresenter.swift in Sources */ = {isa = PBXBuildFile; fileRef = 914C4C082342252C00F3EC45 /* MainPresenter.swift */; };
		914C4C0B234267DC00F3EC45 /* Constants.swift in Sources */ = {isa = PBXBuildFile; fileRef = 914C4C0A234267DC00F3EC45 /* Constants.swift */; };
		914C4C0D234277DD00F3EC45 /* ImageLoader.swift in Sources */ = {isa = PBXBuildFile; fileRef = 914C4C0C234277DD00F3EC45 /* ImageLoader.swift */; };
		91E14C9E2341E15400781CD7 /* AppDelegate.swift in Sources */ = {isa = PBXBuildFile; fileRef = 91E14C9D2341E15400781CD7 /* AppDelegate.swift */; };
		91E14CA02341E15400781CD7 /* MainViewController.swift in Sources */ = {isa = PBXBuildFile; fileRef = 91E14C9F2341E15400781CD7 /* MainViewController.swift */; };
		91E14CA32341E15400781CD7 /* Main.storyboard in Resources */ = {isa = PBXBuildFile; fileRef = 91E14CA12341E15400781CD7 /* Main.storyboard */; };
		91E14CA52341E15500781CD7 /* Assets.xcassets in Resources */ = {isa = PBXBuildFile; fileRef = 91E14CA42341E15500781CD7 /* Assets.xcassets */; };
		91E14CA82341E15500781CD7 /* LaunchScreen.storyboard in Resources */ = {isa = PBXBuildFile; fileRef = 91E14CA62341E15500781CD7 /* LaunchScreen.storyboard */; };
		91E14CB52341EC4100781CD7 /* Weather.swift in Sources */ = {isa = PBXBuildFile; fileRef = 91E14CB42341EC4100781CD7 /* Weather.swift */; };
		91E14CB72341EE6D00781CD7 /* LocationManager.swift in Sources */ = {isa = PBXBuildFile; fileRef = 91E14CB62341EE6D00781CD7 /* LocationManager.swift */; };
		91E14CB92341FD1400781CD7 /* WeatherService.swift in Sources */ = {isa = PBXBuildFile; fileRef = 91E14CB82341FD1400781CD7 /* WeatherService.swift */; };
/* End PBXBuildFile section */

/* Begin PBXFileReference section */
		914C4C082342252C00F3EC45 /* MainPresenter.swift */ = {isa = PBXFileReference; lastKnownFileType = sourcecode.swift; path = MainPresenter.swift; sourceTree = "<group>"; };
		914C4C0A234267DC00F3EC45 /* Constants.swift */ = {isa = PBXFileReference; lastKnownFileType = sourcecode.swift; path = Constants.swift; sourceTree = "<group>"; };
		914C4C0C234277DD00F3EC45 /* ImageLoader.swift */ = {isa = PBXFileReference; lastKnownFileType = sourcecode.swift; path = ImageLoader.swift; sourceTree = "<group>"; };
		91E14C9A2341E15400781CD7 /* OpenWeatherApp.app */ = {isa = PBXFileReference; explicitFileType = wrapper.application; includeInIndex = 0; path = OpenWeatherApp.app; sourceTree = BUILT_PRODUCTS_DIR; };
		91E14C9D2341E15400781CD7 /* AppDelegate.swift */ = {isa = PBXFileReference; lastKnownFileType = sourcecode.swift; path = AppDelegate.swift; sourceTree = "<group>"; };
		91E14C9F2341E15400781CD7 /* MainViewController.swift */ = {isa = PBXFileReference; lastKnownFileType = sourcecode.swift; path = MainViewController.swift; sourceTree = "<group>"; };
		91E14CA22341E15400781CD7 /* Base */ = {isa = PBXFileReference; lastKnownFileType = file.storyboard; name = Base; path = Base.lproj/Main.storyboard; sourceTree = "<group>"; };
		91E14CA42341E15500781CD7 /* Assets.xcassets */ = {isa = PBXFileReference; lastKnownFileType = folder.assetcatalog; path = Assets.xcassets; sourceTree = "<group>"; };
		91E14CA72341E15500781CD7 /* Base */ = {isa = PBXFileReference; lastKnownFileType = file.storyboard; name = Base; path = Base.lproj/LaunchScreen.storyboard; sourceTree = "<group>"; };
		91E14CA92341E15500781CD7 /* Info.plist */ = {isa = PBXFileReference; lastKnownFileType = text.plist.xml; path = Info.plist; sourceTree = "<group>"; };
		91E14CB42341EC4100781CD7 /* Weather.swift */ = {isa = PBXFileReference; lastKnownFileType = sourcecode.swift; path = Weather.swift; sourceTree = "<group>"; };
		91E14CB62341EE6D00781CD7 /* LocationManager.swift */ = {isa = PBXFileReference; lastKnownFileType = sourcecode.swift; path = LocationManager.swift; sourceTree = "<group>"; };
		91E14CB82341FD1400781CD7 /* WeatherService.swift */ = {isa = PBXFileReference; lastKnownFileType = sourcecode.swift; path = WeatherService.swift; sourceTree = "<group>"; };
/* End PBXFileReference section */

/* Begin PBXFrameworksBuildPhase section */
		91E14C972341E15400781CD7 /* Frameworks */ = {
			isa = PBXFrameworksBuildPhase;
			buildActionMask = 2147483647;
			files = (
			);
			runOnlyForDeploymentPostprocessing = 0;
		};
/* End PBXFrameworksBuildPhase section */

/* Begin PBXGroup section */
		91E14C912341E15400781CD7 = {
			isa = PBXGroup;
			children = (
				91E14C9C2341E15400781CD7 /* OpenWeatherApp */,
				91E14C9B2341E15400781CD7 /* Products */,
			);
			sourceTree = "<group>";
		};
		91E14C9B2341E15400781CD7 /* Products */ = {
			isa = PBXGroup;
			children = (
				91E14C9A2341E15400781CD7 /* OpenWeatherApp.app */,
			);
			name = Products;
			sourceTree = "<group>";
		};
		91E14C9C2341E15400781CD7 /* OpenWeatherApp */ = {
			isa = PBXGroup;
			children = (
				91E14CB22341E78300781CD7 /* SupportingFiles */,
				91E14CB12341E75D00781CD7 /* Presentation */,
				91E14CB02341E60900781CD7 /* Models */,
				91E14CAF2341E17200781CD7 /* Services */,
				91E14C9D2341E15400781CD7 /* AppDelegate.swift */,
			);
			path = OpenWeatherApp;
			sourceTree = "<group>";
		};
		91E14CAF2341E17200781CD7 /* Services */ = {
			isa = PBXGroup;
			children = (
				91E14CB62341EE6D00781CD7 /* LocationManager.swift */,
				91E14CB82341FD1400781CD7 /* WeatherService.swift */,
				914C4C0A234267DC00F3EC45 /* Constants.swift */,
				914C4C0C234277DD00F3EC45 /* ImageLoader.swift */,
			);
			path = Services;
			sourceTree = "<group>";
		};
		91E14CB02341E60900781CD7 /* Models */ = {
			isa = PBXGroup;
			children = (
				91E14CB42341EC4100781CD7 /* Weather.swift */,
			);
			path = Models;
			sourceTree = "<group>";
		};
		91E14CB12341E75D00781CD7 /* Presentation */ = {
			isa = PBXGroup;
			children = (
				91E14CB32341E83900781CD7 /* Main */,
			);
			path = Presentation;
			sourceTree = "<group>";
		};
		91E14CB22341E78300781CD7 /* SupportingFiles */ = {
			isa = PBXGroup;
			children = (
				91E14CA42341E15500781CD7 /* Assets.xcassets */,
				91E14CA62341E15500781CD7 /* LaunchScreen.storyboard */,
				91E14CA92341E15500781CD7 /* Info.plist */,
			);
			path = SupportingFiles;
			sourceTree = "<group>";
		};
		91E14CB32341E83900781CD7 /* Main */ = {
			isa = PBXGroup;
			children = (
				91E14C9F2341E15400781CD7 /* MainViewController.swift */,
				91E14CA12341E15400781CD7 /* Main.storyboard */,
				914C4C082342252C00F3EC45 /* MainPresenter.swift */,
			);
			path = Main;
			sourceTree = "<group>";
		};
/* End PBXGroup section */

/* Begin PBXNativeTarget section */
		91E14C992341E15400781CD7 /* OpenWeatherApp */ = {
			isa = PBXNativeTarget;
			buildConfigurationList = 91E14CAC2341E15500781CD7 /* Build configuration list for PBXNativeTarget "OpenWeatherApp" */;
			buildPhases = (
				91E14C962341E15400781CD7 /* Sources */,
				91E14C972341E15400781CD7 /* Frameworks */,
				91E14C982341E15400781CD7 /* Resources */,
			);
			buildRules = (
			);
			dependencies = (
			);
			name = OpenWeatherApp;
			productName = OpenWeatherApp;
			productReference = 91E14C9A2341E15400781CD7 /* OpenWeatherApp.app */;
			productType = "com.apple.product-type.application";
		};
/* End PBXNativeTarget section */

/* Begin PBXProject section */
		91E14C922341E15400781CD7 /* Project object */ = {
			isa = PBXProject;
			attributes = {
				LastSwiftUpdateCheck = 1030;
				LastUpgradeCheck = 1030;
				ORGANIZATIONNAME = IrishAle;
				TargetAttributes = {
					91E14C992341E15400781CD7 = {
						CreatedOnToolsVersion = 10.3;
						SystemCapabilities = {
							com.apple.BackgroundModes = {
								enabled = 1;
							};
						};
					};
				};
			};
			buildConfigurationList = 91E14C952341E15400781CD7 /* Build configuration list for PBXProject "OpenWeatherApp" */;
			compatibilityVersion = "Xcode 9.3";
			developmentRegion = en;
			hasScannedForEncodings = 0;
			knownRegions = (
				en,
				Base,
			);
			mainGroup = 91E14C912341E15400781CD7;
			productRefGroup = 91E14C9B2341E15400781CD7 /* Products */;
			projectDirPath = "";
			projectRoot = "";
			targets = (
				91E14C992341E15400781CD7 /* OpenWeatherApp */,
			);
		};
/* End PBXProject section */

/* Begin PBXResourcesBuildPhase section */
		91E14C982341E15400781CD7 /* Resources */ = {
			isa = PBXResourcesBuildPhase;
			buildActionMask = 2147483647;
			files = (
				91E14CA82341E15500781CD7 /* LaunchScreen.storyboard in Resources */,
				91E14CA52341E15500781CD7 /* Assets.xcassets in Resources */,
				91E14CA32341E15400781CD7 /* Main.storyboard in Resources */,
			);
			runOnlyForDeploymentPostprocessing = 0;
		};
/* End PBXResourcesBuildPhase section */

/* Begin PBXSourcesBuildPhase section */
		91E14C962341E15400781CD7 /* Sources */ = {
			isa = PBXSourcesBuildPhase;
			buildActionMask = 2147483647;
			files = (
				91E14CB92341FD1400781CD7 /* WeatherService.swift in Sources */,
				914C4C092342252C00F3EC45 /* MainPresenter.swift in Sources */,
				91E14CA02341E15400781CD7 /* MainViewController.swift in Sources */,
				91E14CB52341EC4100781CD7 /* Weather.swift in Sources */,
				914C4C0B234267DC00F3EC45 /* Constants.swift in Sources */,
				91E14CB72341EE6D00781CD7 /* LocationManager.swift in Sources */,
				914C4C0D234277DD00F3EC45 /* ImageLoader.swift in Sources */,
				91E14C9E2341E15400781CD7 /* AppDelegate.swift in Sources */,
			);
			runOnlyForDeploymentPostprocessing = 0;
		};
/* End PBXSourcesBuildPhase section */

/* Begin PBXVariantGroup section */
		91E14CA12341E15400781CD7 /* Main.storyboard */ = {
			isa = PBXVariantGroup;
			children = (
				91E14CA22341E15400781CD7 /* Base */,
			);
			name = Main.storyboard;
			sourceTree = "<group>";
		};
		91E14CA62341E15500781CD7 /* LaunchScreen.storyboard */ = {
			isa = PBXVariantGroup;
			children = (
				91E14CA72341E15500781CD7 /* Base */,
			);
			name = LaunchScreen.storyboard;
			sourceTree = "<group>";
		};
/* End PBXVariantGroup section */

/* Begin XCBuildConfiguration section */
		91E14CAA2341E15500781CD7 /* Debug */ = {
			isa = XCBuildConfiguration;
			buildSettings = {
				ALWAYS_SEARCH_USER_PATHS = NO;
				CLANG_ANALYZER_NONNULL = YES;
				CLANG_ANALYZER_NUMBER_OBJECT_CONVERSION = YES_AGGRESSIVE;
				CLANG_CXX_LANGUAGE_STANDARD = "gnu++14";
				CLANG_CXX_LIBRARY = "libc++";
				CLANG_ENABLE_MODULES = YES;
				CLANG_ENABLE_OBJC_ARC = YES;
				CLANG_ENABLE_OBJC_WEAK = YES;
				CLANG_WARN_BLOCK_CAPTURE_AUTORELEASING = YES;
				CLANG_WARN_BOOL_CONVERSION = YES;
				CLANG_WARN_COMMA = YES;
				CLANG_WARN_CONSTANT_CONVERSION = YES;
				CLANG_WARN_DEPRECATED_OBJC_IMPLEMENTATIONS = YES;
				CLANG_WARN_DIRECT_OBJC_ISA_USAGE = YES_ERROR;
				CLANG_WARN_DOCUMENTATION_COMMENTS = YES;
				CLANG_WARN_EMPTY_BODY = YES;
				CLANG_WARN_ENUM_CONVERSION = YES;
				CLANG_WARN_INFINITE_RECURSION = YES;
				CLANG_WARN_INT_CONVERSION = YES;
				CLANG_WARN_NON_LITERAL_NULL_CONVERSION = YES;
				CLANG_WARN_OBJC_IMPLICIT_RETAIN_SELF = YES;
				CLANG_WARN_OBJC_LITERAL_CONVERSION = YES;
				CLANG_WARN_OBJC_ROOT_CLASS = YES_ERROR;
				CLANG_WARN_RANGE_LOOP_ANALYSIS = YES;
				CLANG_WARN_STRICT_PROTOTYPES = YES;
				CLANG_WARN_SUSPICIOUS_MOVE = YES;
				CLANG_WARN_UNGUARDED_AVAILABILITY = YES_AGGRESSIVE;
				CLANG_WARN_UNREACHABLE_CODE = YES;
				CLANG_WARN__DUPLICATE_METHOD_MATCH = YES;
				CODE_SIGN_IDENTITY = "iPhone Developer";
				COPY_PHASE_STRIP = NO;
				DEBUG_INFORMATION_FORMAT = dwarf;
				ENABLE_STRICT_OBJC_MSGSEND = YES;
				ENABLE_TESTABILITY = YES;
				GCC_C_LANGUAGE_STANDARD = gnu11;
				GCC_DYNAMIC_NO_PIC = NO;
				GCC_NO_COMMON_BLOCKS = YES;
				GCC_OPTIMIZATION_LEVEL = 0;
				GCC_PREPROCESSOR_DEFINITIONS = (
					"DEBUG=1",
					"$(inherited)",
				);
				GCC_WARN_64_TO_32_BIT_CONVERSION = YES;
				GCC_WARN_ABOUT_RETURN_TYPE = YES_ERROR;
				GCC_WARN_UNDECLARED_SELECTOR = YES;
				GCC_WARN_UNINITIALIZED_AUTOS = YES_AGGRESSIVE;
				GCC_WARN_UNUSED_FUNCTION = YES;
				GCC_WARN_UNUSED_VARIABLE = YES;
				IPHONEOS_DEPLOYMENT_TARGET = 12.4;
				MTL_ENABLE_DEBUG_INFO = INCLUDE_SOURCE;
				MTL_FAST_MATH = YES;
				ONLY_ACTIVE_ARCH = YES;
				SDKROOT = iphoneos;
				SWIFT_ACTIVE_COMPILATION_CONDITIONS = DEBUG;
				SWIFT_OPTIMIZATION_LEVEL = "-Onone";
			};
			name = Debug;
		};
		91E14CAB2341E15500781CD7 /* Release */ = {
			isa = XCBuildConfiguration;
			buildSettings = {
				ALWAYS_SEARCH_USER_PATHS = NO;
				CLANG_ANALYZER_NONNULL = YES;
				CLANG_ANALYZER_NUMBER_OBJECT_CONVERSION = YES_AGGRESSIVE;
				CLANG_CXX_LANGUAGE_STANDARD = "gnu++14";
				CLANG_CXX_LIBRARY = "libc++";
				CLANG_ENABLE_MODULES = YES;
				CLANG_ENABLE_OBJC_ARC = YES;
				CLANG_ENABLE_OBJC_WEAK = YES;
				CLANG_WARN_BLOCK_CAPTURE_AUTORELEASING = YES;
				CLANG_WARN_BOOL_CONVERSION = YES;
				CLANG_WARN_COMMA = YES;
				CLANG_WARN_CONSTANT_CONVERSION = YES;
				CLANG_WARN_DEPRECATED_OBJC_IMPLEMENTATIONS = YES;
				CLANG_WARN_DIRECT_OBJC_ISA_USAGE = YES_ERROR;
				CLANG_WARN_DOCUMENTATION_COMMENTS = YES;
				CLANG_WARN_EMPTY_BODY = YES;
				CLANG_WARN_ENUM_CONVERSION = YES;
				CLANG_WARN_INFINITE_RECURSION = YES;
				CLANG_WARN_INT_CONVERSION = YES;
				CLANG_WARN_NON_LITERAL_NULL_CONVERSION = YES;
				CLANG_WARN_OBJC_IMPLICIT_RETAIN_SELF = YES;
				CLANG_WARN_OBJC_LITERAL_CONVERSION = YES;
				CLANG_WARN_OBJC_ROOT_CLASS = YES_ERROR;
				CLANG_WARN_RANGE_LOOP_ANALYSIS = YES;
				CLANG_WARN_STRICT_PROTOTYPES = YES;
				CLANG_WARN_SUSPICIOUS_MOVE = YES;
				CLANG_WARN_UNGUARDED_AVAILABILITY = YES_AGGRESSIVE;
				CLANG_WARN_UNREACHABLE_CODE = YES;
				CLANG_WARN__DUPLICATE_METHOD_MATCH = YES;
				CODE_SIGN_IDENTITY = "iPhone Developer";
				COPY_PHASE_STRIP = NO;
				DEBUG_INFORMATION_FORMAT = "dwarf-with-dsym";
				ENABLE_NS_ASSERTIONS = NO;
				ENABLE_STRICT_OBJC_MSGSEND = YES;
				GCC_C_LANGUAGE_STANDARD = gnu11;
				GCC_NO_COMMON_BLOCKS = YES;
				GCC_WARN_64_TO_32_BIT_CONVERSION = YES;
				GCC_WARN_ABOUT_RETURN_TYPE = YES_ERROR;
				GCC_WARN_UNDECLARED_SELECTOR = YES;
				GCC_WARN_UNINITIALIZED_AUTOS = YES_AGGRESSIVE;
				GCC_WARN_UNUSED_FUNCTION = YES;
				GCC_WARN_UNUSED_VARIABLE = YES;
				IPHONEOS_DEPLOYMENT_TARGET = 12.4;
				MTL_ENABLE_DEBUG_INFO = NO;
				MTL_FAST_MATH = YES;
				SDKROOT = iphoneos;
				SWIFT_COMPILATION_MODE = wholemodule;
				SWIFT_OPTIMIZATION_LEVEL = "-O";
				VALIDATE_PRODUCT = YES;
			};
			name = Release;
		};
		91E14CAD2341E15500781CD7 /* Debug */ = {
			isa = XCBuildConfiguration;
			buildSettings = {
				ASSETCATALOG_COMPILER_APPICON_NAME = AppIcon;
				CODE_SIGN_STYLE = Manual;
				DEVELOPMENT_TEAM = "";
				INFOPLIST_FILE = OpenWeatherApp/SupportingFiles/Info.plist;
				LD_RUNPATH_SEARCH_PATHS = (
					"$(inherited)",
					"@executable_path/Frameworks",
				);
				PRODUCT_BUNDLE_IDENTIFIER = irishale.OpenWeatherApp;
				PRODUCT_NAME = "$(TARGET_NAME)";
				PROVISIONING_PROFILE_SPECIFIER = "";
				SWIFT_VERSION = 5.0;
				TARGETED_DEVICE_FAMILY = "1,2";
			};
			name = Debug;
		};
		91E14CAE2341E15500781CD7 /* Release */ = {
			isa = XCBuildConfiguration;
			buildSettings = {
				ASSETCATALOG_COMPILER_APPICON_NAME = AppIcon;
				CODE_SIGN_STYLE = Manual;
				DEVELOPMENT_TEAM = "";
				INFOPLIST_FILE = OpenWeatherApp/SupportingFiles/Info.plist;
				LD_RUNPATH_SEARCH_PATHS = (
					"$(inherited)",
					"@executable_path/Frameworks",
				);
				PRODUCT_BUNDLE_IDENTIFIER = irishale.OpenWeatherApp;
				PRODUCT_NAME = "$(TARGET_NAME)";
				PROVISIONING_PROFILE_SPECIFIER = "";
				SWIFT_VERSION = 5.0;
				TARGETED_DEVICE_FAMILY = "1,2";
			};
			name = Release;
		};
/* End XCBuildConfiguration section */

/* Begin XCConfigurationList section */
		91E14C952341E15400781CD7 /* Build configuration list for PBXProject "OpenWeatherApp" */ = {
			isa = XCConfigurationList;
			buildConfigurations = (
				91E14CAA2341E15500781CD7 /* Debug */,
				91E14CAB2341E15500781CD7 /* Release */,
			);
			defaultConfigurationIsVisible = 0;
			defaultConfigurationName = Release;
		};
		91E14CAC2341E15500781CD7 /* Build configuration list for PBXNativeTarget "OpenWeatherApp" */ = {
			isa = XCConfigurationList;
			buildConfigurations = (
				91E14CAD2341E15500781CD7 /* Debug */,
				91E14CAE2341E15500781CD7 /* Release */,
			);
			defaultConfigurationIsVisible = 0;
			defaultConfigurationName = Release;
		};
/* End XCConfigurationList section */
	};
	rootObject = 91E14C922341E15400781CD7 /* Project object */;
}
